7zip
7zip-standalone
ImageMagick
ImageMagick-libs
LCEVCdec
LibRaw
ModemManager
ModemManager-glib
NetworkManager
NetworkManager-bluetooth
NetworkManager-config-connectivity-fedora
NetworkManager-libnm
NetworkManager-openconnect
NetworkManager-openvpn
NetworkManager-ppp
NetworkManager-team
NetworkManager-vpnc
NetworkManager-wifi
NetworkManager-wwan
OpenCL-ICD-Loader
PackageKit-Qt6
SDL2_image
SDL3
SDL3_image
SDL3_ttf
SLOF
Sunshine
aardvark-dns
abattis-cantarell-fonts
abattis-cantarell-vf-fonts
abseil-cpp
accounts-qml-module-qt6
accountsservice
accountsservice-libs
acl
adcli
adcli-selinux
adobe-mappings-cmap
adobe-mappings-cmap-deprecated
adobe-mappings-pdf
adwaita-cursor-theme
adwaita-icon-theme
adwaita-icon-theme-legacy
adwaita-mono-fonts
adwaita-sans-fonts
aha
alsa-firmware
alsa-lib
alsa-sof-firmware
alsa-tools-firmware
alsa-ucm
alsa-utils
alternatives
amd-gpu-firmware
amd-ucode-firmware
android-tools
anthy-unicode
antiword
appstream
appstream-compose
appstream-qt
apr
apr-util
apr-util-lmdb
apr-util-openssl
argyllcms
argyllcms-data
aribb24
ark
ark-libs
assimp
at-spi2-atk
at-spi2-core
atheros-firmware
atk
atkmm
attr
audiocd-kio
audiocd-kio-doc
audit
audit-libs
audit-rules
augeas-libs
aurorae
authselect
authselect-libs
autofs
avahi
avahi-glib
avahi-gobject
avahi-libs
avahi-tools
b43-fwcutter
b43-openfwwf
bash
bash-color-prompt
bash-completion
bc
bcc
bcc-tools
bind-libs
bind-utils
binutils
bison
bluedevil
bluez
bluez-cups
bluez-libs
bluez-obexd
bolt
boost-atomic
boost-chrono
boost-container
boost-date-time
boost-filesystem
boost-regex
boost-thread
bootc
bootupd
borgbackup
bpftop
bpftrace
braille-printer-app
brcmfmac-firmware
breeze-cursor-theme
breeze-gtk-common
breeze-gtk-gtk3
breeze-gtk-gtk4
breeze-icon-theme
brlapi
brltty
bsdunzip
btrfs-progs
bubblewrap
buildah
bzip2
bzip2-libs
c-ares
c2esp
ca-certificates
cairo
cairo-gobject
cairomm
capstone
catatonit
catdoc
ccache
cdparanoia-libs
checkpolicy
chrony
cifs-utils
cifs-utils-info
cirrus-audio-firmware
cjson
clang21-libs
clang21-resource-filesystem
cldr-emoji-annotation
cldr-emoji-annotation-dtd
clevis
clevis-luks
clevis-pin-tpm2
clinfo
cmake-filesystem
cockpit-bridge
cockpit-machines
cockpit-networkmanager
cockpit-ostree
cockpit-podman
cockpit-selinux
cockpit-storaged
cockpit-system
code
codec2
color-filesystem
colord
colord-kde
colord-libs
compiler-rt21
composefs
composefs-libs
compsize
conmon
container-selinux
containerd.io
containers-common
containers-common-extra
coreutils
coreutils-common
corosynclib
cowsql
cpio
cpp
cracklib
cracklib-dicts
criu
criu-libs
crun
crypto-policies
crypto-policies-scripts
cryptsetup
cryptsetup-libs
ctags
cups
cups-browsed
cups-client
cups-filesystem
cups-filters
cups-filters-driverless
cups-ipptool
cups-libs
curl
cyrus-sasl-gssapi
cyrus-sasl-lib
cyrus-sasl-plain
davfs2
davs2-libs
daxctl-libs
dbus
dbus-broker
dbus-common
dbus-daemon
dbus-libs
dbus-tools
dbus-x11
dbusmenu-qt5
dconf
ddcutil
debugedit
default-editor
default-fonts-am
default-fonts-ar
default-fonts-as
default-fonts-ast
default-fonts-be
default-fonts-bg
default-fonts-bn
default-fonts-bo
default-fonts-br
default-fonts-chr
default-fonts-cjk-mono
default-fonts-cjk-serif
default-fonts-core-emoji
default-fonts-core-math
default-fonts-core-mono
default-fonts-core-sans
default-fonts-core-serif
default-fonts-dv
default-fonts-dz
default-fonts-el
default-fonts-eo
default-fonts-eu
default-fonts-fa
default-fonts-got
default-fonts-gu
default-fonts-he
default-fonts-hi
default-fonts-hy
default-fonts-ia
default-fonts-ii
default-fonts-iu
default-fonts-ka
default-fonts-kab
default-fonts-km
default-fonts-kn
default-fonts-ku
default-fonts-lo
default-fonts-mai
default-fonts-ml
default-fonts-mni
default-fonts-mr
default-fonts-my
default-fonts-nb
default-fonts-ne
default-fonts-nn
default-fonts-nqo
default-fonts-nr
default-fonts-nso
default-fonts-or
default-fonts-other-mono
default-fonts-other-sans
default-fonts-other-serif
default-fonts-pa
default-fonts-ru
default-fonts-sat
default-fonts-si
default-fonts-ss
default-fonts-syr
default-fonts-ta
default-fonts-te
default-fonts-th
default-fonts-tn
default-fonts-ts
default-fonts-uk
default-fonts-ur
default-fonts-ve
default-fonts-vi
default-fonts-xh
default-fonts-yi
default-fonts-zu
desktop-backgrounds-kde
desktop-file-utils
device-mapper
device-mapper-event
device-mapper-event-libs
device-mapper-libs
device-mapper-multipath
device-mapper-multipath-libs
device-mapper-persistent-data
dhcpcd
diffutils
distribution-gpg-keys
distrobox
dlm-lib
dmidecode
dnf5
dnf5-plugins
dns-root-data
dnsmasq
docbook-dtds
docbook-style-xsl
docker-buildx-plugin
docker-ce
docker-ce-cli
docker-ce-rootless-extras
docker-compose-plugin
docker-model-plugin
dolphin
dolphin-libs
dolphin-plugins
dosfstools
dotconf
double-conversion
dracut
duktape
dwz
dymo-cups-drivers
dyninst
e2fsprogs
e2fsprogs-libs
ebook-tools-libs
ed
editorconfig-libs
edk2-aarch64
edk2-loongarch64
edk2-ovmf
edk2-riscv64
edk2-shell-aa64
edk2-shell-x64
efi-filesystem
efibootmgr
efivar-libs
egl-gbm
egl-utils
egl-wayland
egl-wayland2
egl-x11
elfutils
elfutils-debuginfod-client
elfutils-debuginfod-client-devel
elfutils-default-yama-scope
elfutils-devel
elfutils-libelf
elfutils-libelf-devel
elfutils-libs
emacs-filesystem
enchant2
espeak-ng
ethtool
evtest
exfatprogs
exiv2
exiv2-libs
expat
f2fs-tools
f44-backgrounds-base
f44-backgrounds-kde
faad2-libs
fastfetch
fatresize
fcitx5
fcitx5-chewing
fcitx5-chinese-addons
fcitx5-chinese-addons-data
fcitx5-configtool
fcitx5-data
fcitx5-gtk
fcitx5-gtk3
fcitx5-gtk4
fcitx5-hangul
fcitx5-libs
fcitx5-libthai
fcitx5-lua
fcitx5-m17n
fcitx5-mozc
fcitx5-qt
fcitx5-qt-libfcitx5qt6widgets
fcitx5-qt-libfcitx5qtdbus
fcitx5-qt-qt6gui
fcitx5-qt5
fcitx5-qt6
fcitx5-sayura
fcitx5-unikey
fedora-appstream-metadata
fedora-gpg-keys
fedora-release-common
fedora-release-identity-kinoite
fedora-release-kinoite
fedora-release-ostree-desktop
fedora-repos
fedora-repos-archive
fedora-workstation-backgrounds
ffmpeg
ffmpeg-libs
ffmpegthumbs
fftw-libs-double
fftw-libs-single
file
file-libs
filelight
filesystem
findutils
firewalld
firewalld-filesystem
fish
flac-libs
flashrom
flatpak
flatpak-builder
flatpak-kcm
flatpak-libs
flatpak-selinux
flatpak-session-helper
flatpak-spawn
flex
flexiblas
flexiblas-netlib
flexiblas-openblas-openmp
flite
fmt
fontconfig
fonts-filesystem
foo2zjs
foomatic-db-filesystem
fpaste
fprintd
fprintd-pam
freeglut
freerdp
freerdp-libs
freetype
fribidi
fstrm
fuse
fuse-common
fuse-libs
fuse-overlayfs
fuse-sshfs
fuse3
fuse3-libs
fwupd
fwupd-efi
fwupd-plugin-flashrom
fwupd-plugin-modem-manager
fwupd-plugin-uefi-capsule-data
fxload
fzf
game-music-emu
gamemode
gawk
gawk-all-langpacks
gcc
gcc-c++
gcr-libs
gd
gdb
gdb-headless
gdbm
gdbm-libs
gdisk
gdk-pixbuf2
gdouros-symbola-fonts
generic-logos
geoclue2
gettext
gettext-envsubst
gettext-libs
gettext-runtime
ghostscript
ghostscript-tools-fontutils
ghostscript-tools-printing
giflib
git
git-core
git-core-doc
git-credential-libsecret
git-lfs
glib-networking
glib2
glibc
glibc-all-langpacks
glibc-common
glibc-devel
glibc-gconv-extra
glibmm2.4
glow
glusterfs
glusterfs-cli
glusterfs-client-xlators
glusterfs-fuse
glx-utils
glycin-libs
glycin-loaders
gmp
gnulib-l10n
gnupg2
gnupg2-dirmngr
gnupg2-gpg-agent
gnupg2-gpgconf
gnupg2-keyboxd
gnupg2-scdaemon
gnupg2-verify
gnustep-base-libs
gnustep-filesystem
gnustep-make
gnutls
gnutls-dane
gnutls-utils
gobject-introspection
gocryptfs
google-droid-sans-fonts
google-noto-color-emoji-fonts
google-noto-emoji-fonts
google-noto-fonts-common
google-noto-naskh-arabic-vf-fonts
google-noto-sans-arabic-vf-fonts
google-noto-sans-armenian-vf-fonts
google-noto-sans-balinese-fonts
google-noto-sans-bengali-vf-fonts
google-noto-sans-canadian-aboriginal-vf-fonts
google-noto-sans-cherokee-vf-fonts
google-noto-sans-cjk-fonts
google-noto-sans-devanagari-vf-fonts
google-noto-sans-ethiopic-vf-fonts
google-noto-sans-fonts
google-noto-sans-georgian-vf-fonts
google-noto-sans-gothic-fonts
google-noto-sans-gujarati-vf-fonts
google-noto-sans-gurmukhi-vf-fonts
google-noto-sans-hebrew-vf-fonts
google-noto-sans-javanese-fonts
google-noto-sans-kannada-vf-fonts
google-noto-sans-khmer-vf-fonts
google-noto-sans-lao-vf-fonts
google-noto-sans-math-fonts
google-noto-sans-meetei-mayek-vf-fonts
google-noto-sans-mono-cjk-vf-fonts
google-noto-sans-mono-fonts
google-noto-sans-mono-vf-fonts
google-noto-sans-nko-fonts
google-noto-sans-ol-chiki-vf-fonts
google-noto-sans-oriya-vf-fonts
google-noto-sans-sinhala-vf-fonts
google-noto-sans-sundanese-fonts
google-noto-sans-symbols-2-fonts
google-noto-sans-symbols-vf-fonts
google-noto-sans-syriac-vf-fonts
google-noto-sans-tamil-vf-fonts
google-noto-sans-telugu-vf-fonts
google-noto-sans-thaana-vf-fonts
google-noto-sans-thai-vf-fonts
google-noto-sans-vf-fonts
google-noto-sans-yi-fonts
google-noto-serif-armenian-vf-fonts
google-noto-serif-bengali-vf-fonts
google-noto-serif-cjk-vf-fonts
google-noto-serif-devanagari-vf-fonts
google-noto-serif-ethiopic-vf-fonts
google-noto-serif-fonts
google-noto-serif-georgian-vf-fonts
google-noto-serif-gujarati-vf-fonts
google-noto-serif-gurmukhi-vf-fonts
google-noto-serif-hebrew-vf-fonts
google-noto-serif-kannada-vf-fonts
google-noto-serif-khmer-vf-fonts
google-noto-serif-lao-vf-fonts
google-noto-serif-oriya-vf-fonts
google-noto-serif-sinhala-vf-fonts
google-noto-serif-tamil-vf-fonts
google-noto-serif-telugu-vf-fonts
google-noto-serif-thai-vf-fonts
google-noto-serif-vf-fonts
gperftools-libs
gpg-pubkey
gpg-pubkey
gpg-pubkey
gpg-pubkey
gpg-pubkey
gpg-pubkey
gpg-pubkey
gpg-pubkey
gpg-pubkey
gpg-pubkey
gpg-pubkey
gpg-pubkey
gpgme
gpgmepp
gpm-libs
gpsd-libs
graphene
graphite2
graphviz-libs
grep
groff-base
grub2-common
grub2-efi-ia32
grub2-efi-x64
grub2-pc
grub2-pc-modules
grub2-tools
grub2-tools-extra
grub2-tools-minimal
gsettings-desktop-schemas
gsl
gsm
gssdp
gssproxy
gstreamer1
gstreamer1-plugin-dav1d
gstreamer1-plugin-libav
gstreamer1-plugins-bad-free
gstreamer1-plugins-bad-free-libs
gstreamer1-plugins-base
gstreamer1-plugins-good
gstreamer1-plugins-good-qt
gstreamer1-plugins-good-qt6
gstreamer1-plugins-ugly-free
gtk-update-icon-cache
gtk-vnc2
gtk3
gtk4
gtkmm3.0
gtksourceview4
guestfs-tools
gum
gupnp
gupnp-igd
gutenprint
gutenprint-cups
gutenprint-libs
gvfs
gvfs-client
gvfs-fuse
gvisor-tap-vsock
gvisor-tap-vsock-gvforwarder
gvnc
gzip
harfbuzz
hdparm
hexedit
hfsplus-tools
hfsutils
hicolor-icon-theme
highway
hiredis
hivex-libs
hostname
hplip
hplip-common
hplip-libs
htop
hunspell
hunspell-en
hunspell-en-AU
hunspell-en-CA
hunspell-en-GB
hunspell-en-US
hunspell-filesystem
hwdata
hwloc-libs
hyperv-daemons
hyperv-daemons-license
hypervfcopyd
hypervkvpd
hypervvssd
i2c-tools
ibus
ibus-anthy
ibus-anthy-python
ibus-chewing
ibus-gtk3
ibus-gtk4
ibus-hangul
ibus-libpinyin
ibus-libs
ibus-m17n
ibus-panel
ibus-setup
ibus-typing-booster
icoutils
ifuse
igt-gpu-tools
igvm-libs
iio-sensor-proxy
ilbc
ima-evm-utils-libs
imath
incus
incus-agent
incus-client
inih
inih-cpp
initscripts-service
input-remapper
intel-audio-firmware
intel-gmmlib
intel-gpu-firmware
intel-lpmd
intel-mediasdk
intel-vaapi-driver
intel-vpl-gpu-rt
intel-vsc-firmware
iotop-c
ipp-usb
iproute
iproute-tc
ipset
ipset-libs
iptables-libs
iptables-nft
iptstate
iputils
ipxe-roms-qemu
iscsi-initiator-utils
iscsi-initiator-utils-iscsiuio
isns-utils-libs
iso-codes
iw
iwd
iwlegacy-firmware
iwlwifi-dvm-firmware
iwlwifi-mld-firmware
iwlwifi-mvm-firmware
jansson
jasper-libs
jbig2dec-libs
jbigkit-libs
jfsutils
jomolhari-fonts
jose
jq
json-c
json-glib
jsoncpp
just
kaccounts-integration-qt6
kaccounts-providers
kactivitymanagerd
kairpods
kamera
kasumi-common
kasumi-unicode
kate
kate-krunner-plugin
kate-libs
kate-plugins
kbd
kbd-legacy
kbd-misc
kcli
kcm-fcitx5
kcm-plasma-keyboard
kcm-plasmalogin
kcm_ublue
kde-cli-tools
kde-connect
kde-connect-libs
kde-filesystem
kde-gtk-config
kde-inotify-survey
kde-partitionmanager
kde-settings
kde-settings-plasma
kde-settings-plasmalogin
kde-settings-pulseaudio
kdebugsettings
kdeconnectd
kdecoration
kdegraphics-mobipocket
kdegraphics-thumbnailers
kdenetwork-filesharing
kdeplasma-addons
kdesu
kdialog
kdnssd
kdsoap
kdsoap-ws-discovery-client
kdsoap6
keditbookmarks
keditbookmarks-libs
kernel
kernel-core
kernel-devel
kernel-devel-matched
kernel-headers
kernel-modules
kernel-modules-core
kernel-modules-extra
keyutils
keyutils-libs
kf5-attica
kf5-filesystem
kf5-frameworkintegration
kf5-frameworkintegration-libs
kf5-kactivities
kf5-kactivities-stats
kf5-karchive
kf5-kauth
kf5-kbookmarks
kf5-kcodecs
kf5-kcompletion
kf5-kconfig-core
kf5-kconfig-gui
kf5-kconfigwidgets
kf5-kcoreaddons
kf5-kcrash
kf5-kdbusaddons
kf5-kdnssd
kf5-kdoctools
kf5-kglobalaccel
kf5-kglobalaccel-libs
kf5-kguiaddons
kf5-ki18n
kf5-kiconthemes
kf5-kinit
kf5-kio-core
kf5-kio-core-libs
kf5-kio-doc
kf5-kio-file-widgets
kf5-kio-gui
kf5-kio-ntlm
kf5-kio-widgets
kf5-kio-widgets-libs
kf5-kirigami2
kf5-kitemviews
kf5-kjobwidgets
kf5-knewstuff
kf5-knotifications
kf5-kpackage
kf5-kservice
kf5-ktextwidgets
kf5-kwallet
kf5-kwallet-libs
kf5-kwayland
kf5-kwidgetsaddons
kf5-kwindowsystem
kf5-kxmlgui
kf5-qqc2-desktop-style
kf5-solid
kf5-sonnet
kf5-sonnet-core
kf5-sonnet-hunspell
kf5-sonnet-ui
kf5-syndication
kf5-syntax-highlighting
kf6-attica
kf6-baloo
kf6-baloo-file
kf6-baloo-libs
kf6-bluez-qt
kf6-breeze-icons
kf6-filesystem
kf6-frameworkintegration
kf6-frameworkintegration-libs
kf6-karchive
kf6-kauth
kf6-kbookmarks
kf6-kcalendarcore
kf6-kcmutils
kf6-kcodecs
kf6-kcolorscheme
kf6-kcompletion
kf6-kconfig
kf6-kconfigwidgets
kf6-kcontacts
kf6-kcoreaddons
kf6-kcrash
kf6-kdbusaddons
kf6-kdeclarative
kf6-kded
kf6-kdesu
kf6-kdnssd
kf6-kdoctools
kf6-kfilemetadata
kf6-kglobalaccel
kf6-kguiaddons
kf6-kholidays
kf6-ki18n
kf6-kiconthemes
kf6-kidletime
kf6-kidletime-x11
kf6-kimageformats
kf6-kio-core
kf6-kio-core-libs
kf6-kio-doc
kf6-kio-file-widgets
kf6-kio-gui
kf6-kio-widgets
kf6-kio-widgets-libs
kf6-kirigami
kf6-kirigami-addons
kf6-kitemmodels
kf6-kitemviews
kf6-kjobwidgets
kf6-knewstuff
kf6-knotifications
kf6-knotifyconfig
kf6-kpackage
kf6-kparts
kf6-kpeople
kf6-kpty
kf6-kquickcharts
kf6-krunner
kf6-kservice
kf6-kstatusnotifieritem
kf6-ksvg
kf6-ktexteditor
kf6-ktexttemplate
kf6-ktextwidgets
kf6-kunitconversion
kf6-kuserfeedback
kf6-kwallet
kf6-kwallet-libs
kf6-kwidgetsaddons
kf6-kwindowsystem
kf6-kxmlgui
kf6-modemmanager-qt
kf6-networkmanager-qt
kf6-prison
kf6-purpose
kf6-qqc2-desktop-style
kf6-solid
kf6-sonnet
kf6-sonnet-hunspell
kf6-syndication
kf6-syntax-highlighting
kfind
kglobalacceld
kinfocenter
kio-admin
kio-extras
kio-extras-kf5
kio-fuse
kio-gdrive
kjournald
kjournald-libs
kmenuedit
kmod
kmod-libs
kmod-nvidia
kmod-v4l2loopback
kmod-xone
kmod-zfs
knighttime
konsole
konsole-part
kpartx
kpipewire
kpmcore
kquickimageeditor-qt6
krb5-libs
krb5-pkinit
krb5-workstation
krdp
krdp-libs
krunner-bazaar
kscreen
kscreenlocker
ksshaskpass
ksystemlog
ksystemstats
kunifiedpush
kvazaar-libs
kwalletmanager5
kwayland
kwin
kwin-common
kwin-libs
kwrite
kwrited
kyotocabinet-libs
lame
lame-libs
langpacks-core-en
langpacks-en
langpacks-fonts-en
langtable
layer-shell-qt
lcms
lcms-libs
lcms2
leptonica
leptonica-devel
less
libICE
libSM
libX11
libX11-common
libX11-xcb
libXScrnSaver
libXau
libXaw
libXcomposite
libXcursor
libXdamage
libXdmcp
libXext
libXfixes
libXfont2
libXft
libXi
libXinerama
libXmu
libXpm
libXrandr
libXrender
libXres
libXt
libXtst
libXv
libXxf86dga
libXxf86vm
liba52
libaccounts-glib
libaccounts-qt6
libacl
libadwaita
libaio
libao
libaom
libappindicator-gtk3
libarchive
libaribcaption
libass
libassuan
libasyncns
libatasmart
libatomic
libattr
libavc1394
libavcodec
libavdevice
libavfilter
libavformat
libavif
libavutil
libayatana-appindicator-gtk3
libayatana-ido-gtk3
libayatana-indicator-gtk3
libb2
libbabeltrace
libbasicobjects
libblkid
libblkio
libblockdev
libblockdev-btrfs
libblockdev-crypto
libblockdev-fs
libblockdev-loop
libblockdev-lvm
libblockdev-mdraid
libblockdev-nvme
libblockdev-part
libblockdev-smart
libblockdev-swap
libblockdev-utils
libbluray
libbpf
libbrotli
libbs2b
libbsd
libburn
libbytesize
libcaca
libcacard
libcamera
libcamera-gstreamer
libcamera-ipa
libcamera-tools
libcanberra
libcanberra-gtk3
libcap
libcap-ng
libcap-ng-python3
libcbor
libcdio
libcdio-paranoia
libcgroup
libchewing
libchromaprint
libcloudproviders
libcollection
libcom_err
libconfig
libcupsfilters
libcurl-minimal
libdaemon
libdatrie
libdav1d
libdbusmenu
libdbusmenu-gtk3
libdc1394
libddcutil
libde265
libdecor
libdeflate
libdex
libdhash
libdisplay-info
libdisplay-info-tools
libdmtx
libdnf5
libdnf5-cli
libdnf5-plugin-expired-pgp-keys
libdovi
libdrm
libdvdnav
libdvdread
libebur128
libeconf
libedit
libei
libeis
libell
libepoxy
liberation-mono-fonts
liberation-sans-fonts
liberation-serif-fonts
libertas-firmware
libev
libevdev
libevent
libexif
libfakekey
libfdisk
libfdk-aac
libfdt
libffi
libfido2
libfontenc
libfprint
libfreeaptx
libfsverity
libftdi
libfyaml
libgcc
libgcrypt
libgfapi0
libgfortran
libgfrpc0
libgfxdr0
libglusterfs0
libglvnd
libglvnd-egl
libglvnd-gles
libglvnd-glx
libglvnd-opengl
libgomp
libgpg-error
libgphoto2
libgs
libgudev
libguestfs
libguestfs-appliance
libguestfs-xfs
libgusb
libhangul
libheif
libi2c
libibverbs
libical
libicu
libidn2
libiec61883
libieee1284
libijs
libimagequant
libime
libime-data
libimobiledevice
libimobiledevice-glue
libimobiledevice-utils
libini_config
libinput
libipt
libiscsi
libisoburn
libisofs
libjaylink
libjcat
libjose
libjpeg-turbo
libjpeg-turbo-devel
libjxl
libkadm5
libkcapi
libkcapi-hasher
libkcapi-hmaccalc
libkcddb
libkcddb-doc
libkdcraw
libkexiv2-qt5
libkexiv2-qt6
libkgapi
libklvanc
libksba
libkscreen
libksysguard
libksysguard-common
libkworkspace6
liblastlog2
liblc3
liblc3plus
libldac
libldb
libldm
liblerc
liblerc-devel
liblouis
liblouis-tables
liblouisutdml
liblouisutdml-utils
liblqr-1
libluksmeta
libmaxminddb
libmbim
libmbim-utils
libmd
libmng
libmnl
libmodplug
libmodulemd
libmount
libmpc
libmpeg2
libmspack
libmtp
libmusicbrainz5
libmysofa
libnbd
libndp
libnet
libnetapi
libnetfilter_conntrack
libnfnetlink
libnfs
libnfsidmap
libnftnl
libnghttp2
libnice
libnl3
libnl3-cli
libnotify
libnsl2
libntlm
libnvidia-cfg
libnvidia-container-tools
libnvidia-container1
libnvidia-fbc
libnvidia-gpucomp
libnvidia-ml
libnvme
libnvpair3
libobjc
liboeffis
libogg
libomp21
libomp21-devel
libopenjph
libopenmpt
liboping
libopusenc
libosinfo
libpanel
libpaper
libpasswdqc
libpath_utils
libpcap
libpciaccess
libpfm
libphodav
libpinyin
libpinyin-data
libpipeline
libpkgconf
libplacebo
libplasma
libplist
libpmem
libpmemobj
libpng
libpng-devel
libppd
libproxy
libproxy-bin
libpskc
libpsl
libpwquality
libqalculate
libqb
libqmi
libqmi-utils
libqrtr-glib
libquadmath
librabbitmq
librados2
libraqm
libratbag-ratbagd
libraw1394
librbd1
librdmacm
libref_array
librepo
libreport-filesystem
libretls
librist
librsvg2
librtmp
libsamplerate
libsane-airscan
libsane-hpaio
libsbc
libseccomp
libsecret
libselinux
libselinux-utils
libsemanage
libsepol
libshaderc
libshout
libsigc++20
libslirp
libsmartcols
libsmbclient
libsndfile
libsodium
libsolv
libsoup3
libsrtp
libss
libssh
libssh-config
libssh2
libsss_autofs
libsss_certmap
libsss_idmap
libsss_nss_idmap
libsss_sudo
libstdc++
libstdc++-devel
libstemmer
libswresample
libswscale
libsysprof
libtalloc
libtasn1
libtatsu
libtdb
libteam
libtevent
libtextstyle
libthai
libtheora
libtiff
libtiff-devel
libtinysparql
libtirpc
libtommath
libtool-ltdl
libtpms
libtraceevent
libtracefs
libudfread
libudisks2
libultrahdr
libunibreak
libunistring
libunity-gtk3-parser
libunwind
liburing
libusb1
libusbmuxd
libuser
libutempter
libuuid
libuutil3
libuv
libv4l
libva
libva-intel-media-driver
libva-nvidia-driver
libva-utils
libvarlink
libvdpau
libverto
libverto-libev
libvirt
libvirt-client
libvirt-client-qemu
libvirt-daemon
libvirt-daemon-common
libvirt-daemon-config-network
libvirt-daemon-config-nwfilter
libvirt-daemon-driver-ch
libvirt-daemon-driver-interface
libvirt-daemon-driver-libxl
libvirt-daemon-driver-lxc
libvirt-daemon-driver-network
libvirt-daemon-driver-nodedev
libvirt-daemon-driver-nwfilter
libvirt-daemon-driver-qemu
libvirt-daemon-driver-secret
libvirt-daemon-driver-storage
libvirt-daemon-driver-storage-core
libvirt-daemon-driver-storage-disk
libvirt-daemon-driver-storage-gluster
libvirt-daemon-driver-storage-iscsi
libvirt-daemon-driver-storage-iscsi-direct
libvirt-daemon-driver-storage-logical
libvirt-daemon-driver-storage-mpath
libvirt-daemon-driver-storage-rbd
libvirt-daemon-driver-storage-scsi
libvirt-daemon-driver-vbox
libvirt-daemon-kvm
libvirt-daemon-lock
libvirt-daemon-log
libvirt-daemon-plugin-lockd
libvirt-daemon-proxy
libvirt-dbus
libvirt-glib
libvirt-libs
libvirt-nss
libvirt-ssh-proxy
libvisual
libvmaf
libvncserver
libvorbis
libvpl
libvpx
libwacom
libwacom-data
libwayland-client
libwayland-cursor
libwayland-egl
libwayland-server
libwbclient
libwebp
libwebp-devel
libwinpr
libwmf-lite
libwnck3
libwsman1
libxavs
libxcb
libxcrypt
libxcrypt-compat
libxcrypt-devel
libxcvt
libxdp
libxkbcommon
libxkbcommon-x11
libxkbfile
libxml2
libxmlb
libxshmfence
libxslt
libyaml
libyubikey
libyuv
libzfs6
libzip
libzpool6
libzstd
libzstd-devel
lilv-libs
linux-atm-libs
linux-firmware
linux-firmware-whence
llvm-filesystem
llvm-libs
llvm21-filesystem
llvm21-libs
lm_sensors
lm_sensors-libs
lmdb-libs
lockdev
logrotate
lpcnetfreedv
lrzsz
lsb_release
lshw
lsof
lsscsi
lttng-ust
lua-libs
luksmeta
lvm2
lvm2-libs
lxc
lxc-libs
lxc-templates
lxcfs
lz4-libs
lzo
lzop
m17n-db
m17n-db-devel
m17n-lib
m4
madan-fonts
mailcap
make
malcontent-libs
man-db
man-pages
mariadb
mariadb-backup
mariadb-common
mariadb-connector-c
mariadb-connector-c-config
mariadb-cracklib-password-check
mariadb-errmsg
mariadb-gssapi-server
mariadb-server
marisa
mcelog
mdadm
mdevctl
media-player-info
memstrack
mesa-dri-drivers
mesa-filesystem
mesa-libEGL
mesa-libGL
mesa-libGLU
mesa-libgbm
mesa-vulkan-drivers
microcode_ctl
mingw-srvany-redistributable
miniupnpc
minizip-ng-compat
mkpasswd
mobile-broadband-provider-info
mokutil
mozilla-filesystem
mpage
mpdecimal
mpfr
mpg123-libs
mt7xxx-firmware
mtdev
mtools
mtr
mysql-selinux
nano
nano-default-editor
nbdkit
nbdkit-basic-filters
nbdkit-basic-plugins
nbdkit-curl-plugin
nbdkit-nbd-plugin
nbdkit-selinux
nbdkit-server
nbdkit-ssh-plugin
nbdkit-vddk-plugin
ncurses
ncurses-base
ncurses-libs
ncurses-term
ndctl-libs
neon
net-snmp-libs
net-tools
netavark
netcat
nettle
nfs-client-utils
nfs-common-utils
nfs-utils
nfsv3-client-utils
nfsv4-client-utils
nftables
nftables-services
ngtcp2
ngtcp2-crypto-gnutls
ngtcp2-crypto-ossl
nicstat
nilfs-utils
nmap-ncat
noopenh264
npth
nspr
nss
nss-altfiles
nss-mdns
nss-softokn
nss-softokn-freebl
nss-sysinit
nss-util
ntfs-3g
ntfs-3g-libs
ntfs-3g-system-compression
ntfsprogs
numactl
numactl-libs
numad
nvidia-container-toolkit
nvidia-container-toolkit-base
nvidia-driver
nvidia-driver-cuda
nvidia-driver-cuda-libs
nvidia-driver-libs
nvidia-driver-selinux
nvidia-gpu-firmware
nvidia-kmod-common
nvidia-libXNVCtrl
nvidia-modprobe
nvidia-persistenced
nvidia-settings
nvidia-xconfig
nvme-cli
nvtop
nxpwireless-firmware
ocean-sound-theme
ocfs2-tools
oddjob
oddjob-mkhomedir
oniguruma
open-sans-fonts
open-vm-tools
open-vm-tools-desktop
openal-soft
openapv-libs
openbios
openblas
openblas-openmp
opencc
opencl-filesystem
openconnect
opencore-amr
opencv-core
opencv-imgproc
openexr-libs
openjpeg
openldap
openpace
openpgm
openrgb-udev-rules
opensc
opensc-libs
openssh
openssh-askpass
openssh-clients
openssh-server
openssl
openssl-devel
openssl-libs
openvpn
openxr-libs
opus
opus-tools
opusfile
orc
orca
os-prober
osbuild
osbuild-initrd
osbuild-selinux
osinfo-db
osinfo-db-tools
ostree
ostree-libs
oversteer-udev
p11-kit
p11-kit-server
p11-kit-trust
paktype-naskh-basic-fonts
pam
pam-kwallet
pam-libs
pam-u2f
pam_afs_session
pam_passwdqc
pam_yubico
pamu2fcfg
pango
pangomm
paps
parted
passim
passim-libs
passt
passt-selinux
passwdqc
passwdqc-utils
patch
pcaudiolib
pciutils
pciutils-libs
pcp-conf
pcp-libs
pcre2
pcre2-syntax
pcre2-utf16
pcre2-utf32
pcsc-lite
pcsc-lite-ccid
pcsc-lite-libs
perl-AutoLoader
perl-B
perl-Carp
perl-Class-Struct
perl-Clone
perl-Compress-Raw-Bzip2
perl-Compress-Raw-Zlib
perl-Data-Dump
perl-Data-Dumper
perl-Digest
perl-Digest-HMAC
perl-Digest-MD5
perl-Digest-SHA
perl-DynaLoader
perl-Encode
perl-Encode-Locale
perl-Errno
perl-Error
perl-Exporter
perl-Fcntl
perl-File-Basename
perl-File-Copy
perl-File-Listing
perl-File-Path
perl-File-Slurper
perl-File-Temp
perl-File-stat
perl-FileHandle
perl-Getopt-Long
perl-Getopt-Std
perl-Git
perl-HTML-Parser
perl-HTML-Tagset
perl-HTTP-Cookies
perl-HTTP-Date
perl-HTTP-Message
perl-HTTP-Negotiate
perl-HTTP-Tiny
perl-I18N-Langinfo
perl-IO
perl-IO-Compress
perl-IO-Compress-Brotli
perl-IO-HTML
perl-IO-Socket-IP
perl-IO-Socket-SSL
perl-IPC-Open3
perl-LWP-MediaTypes
perl-MIME-Base32
perl-MIME-Base64
perl-Module-Load
perl-NDBM_File
perl-NTLM
perl-Net-HTTP
perl-Net-SSLeay
perl-POSIX
perl-PathTools
perl-PerlIO-utf8_strict
perl-Pod-Escapes
perl-Pod-Perldoc
perl-Pod-Simple
perl-Pod-Usage
perl-Scalar-List-Utils
perl-SelectSaver
perl-Socket
perl-Storable
perl-Symbol
perl-Term-ANSIColor
perl-Term-Cap
perl-Term-ReadLine
perl-TermReadKey
perl-Text-ParseWords
perl-Text-Tabs+Wrap
perl-Time-HiRes
perl-Time-Local
perl-TimeDate
perl-Try-Tiny
perl-URI
perl-WWW-RobotRules
perl-base
perl-constant
perl-if
perl-interpreter
perl-lib
perl-libnet
perl-libs
perl-libwww-perl
perl-locale
perl-mro
perl-overload
perl-overloading
perl-parent
perl-podlators
perl-subs
perl-vars
phonon-backend-vlc-common
phonon-common
phonon-qt5
phonon-qt5-backend-vlc
phonon-qt6
phonon-qt6-backend-vlc
pinentry
pinentry-qt
pinfo
pipewire
pipewire-alsa
pipewire-config-raop
pipewire-gstreamer
pipewire-jack-audio-connection-kit
pipewire-jack-audio-connection-kit-libs
pipewire-libs
pipewire-libs-extra
pipewire-plugin-libcamera
pipewire-pulseaudio
pipewire-utils
pixman
pkcs11-helper
pkcs11-provider
pkgconf
pkgconf-m4
pkgconf-pkg-config
plasma-activities
plasma-activities-stats
plasma-breeze
plasma-breeze-common
plasma-breeze-qt5
plasma-breeze-qt6
plasma-browser-integration
plasma-desktop
plasma-desktop-doc
plasma-disks
plasma-drkonqi
plasma-firewall
plasma-firewall-firewalld
plasma-integration
plasma-integration-qt5
plasma-keyboard
plasma-login-manager
plasma-lookandfeel-fedora
plasma-milou
plasma-nm
plasma-nm-openconnect
plasma-nm-openvpn
plasma-nm-vpnc
plasma-pa
plasma-print-manager
plasma-print-manager-libs
plasma-setup
plasma-systemmonitor
plasma-systemsettings
plasma-thunderbolt
plasma-vault
plasma-wallpapers-dynamic
plasma-wallpapers-dynamic-builder
plasma-wallpapers-dynamic-builder-bash-completion
plasma-wallpapers-dynamic-builder-fish-completion
plasma-wallpapers-dynamic-builder-zsh-completion
plasma-welcome
plasma-workspace
plasma-workspace-common
plasma-workspace-libs
plasma-workspace-wallpapers
plasma5support
plutosvg
plutovg
plymouth
plymouth-core-libs
plymouth-graphics-libs
plymouth-plugin-label
plymouth-plugin-two-step
plymouth-scripts
plymouth-system-theme
plymouth-theme-spinner
podman
podman-bootc
podman-compose
podman-machine
podman-sequoia
podman-tui
policycoreutils
policycoreutils-python-utils
polkit
polkit-kde
polkit-libs
polkit-qt5-1
polkit-qt6-1
poly2tri
poppler
poppler-cpp
poppler-data
poppler-qt6
poppler-utils
popt
portaudio
powerdevil
powerstat
powertop
ppp
prefixdevname
printer-driver-brlaser
procps-ng
protobuf
protobuf-c
psmisc
ptouch-driver
publicsuffix-list-dafsa
pugixml
pulseaudio-libs
pulseaudio-libs-glib2
pulseaudio-qt-qt6
pulseaudio-utils
pv
python-pip-wheel
python-unversioned-command
python3
python3-annotated-types
python3-anyio
python3-argcomplete
python3-attrs
python3-audit
python3-bcc
python3-boto3
python3-botocore
python3-brlapi
python3-cairo
python3-certifi
python3-cffi
python3-charset-normalizer
python3-click
python3-cryptography
python3-cups
python3-dasbus
python3-dateutil
python3-dbus
python3-distro
python3-dns
python3-dotenv
python3-dotenv+cli
python3-email-validator
python3-enchant
python3-evdev
python3-fido2
python3-file-magic
python3-firewall
python3-gobject
python3-gobject-base
python3-h11
python3-html2text
python3-httpcore
python3-httpx
python3-ibus
python3-idna
python3-inotify
python3-jaraco-classes
python3-jaraco-context
python3-jaraco-functools
python3-jeepney
python3-jinja2
python3-jmespath
python3-jsonschema
python3-jsonschema-specifications
python3-keyring
python3-keyring+completion
python3-langtable
python3-librepo
python3-libs
python3-libselinux
python3-libsemanage
python3-libvirt
python3-libxml2
python3-linux-procfs
python3-llfuse
python3-louis
python3-lxml
python3-markupsafe
python3-more-itertools
python3-msgpack
python3-netaddr
python3-nftables
python3-olefile
python3-osbuild
python3-packaging
python3-perf
python3-pexpect
python3-pillow
python3-policycoreutils
python3-prettytable
python3-pskc
python3-psutil
python3-ptyprocess
python3-pyatspi
python3-pyaudio
python3-pycparser
python3-pydantic
python3-pydantic+email
python3-pydantic-core
python3-pydbus
python3-pygdbmi
python3-pyscard
python3-pysocks
python3-pyudev
python3-pyxdg
python3-pyyaml
python3-pyzfs
python3-rapidfuzz
python3-referencing
python3-regex
python3-requests
python3-rpds-py
python3-rpm
python3-s3transfer
python3-secretstorage
python3-sentry-sdk
python3-setools
python3-setuptools
python3-shtab
python3-six
python3-speechd
python3-systemd
python3-typing-extensions
python3-typing-inspection
python3-urllib3
python3-urllib3+socks
python3-wcwidth
python3-yubikey-manager
qaccessibilityclient-qt6
qatlib
qatlib-service
qatzip-libs
qca-qt6
qca-qt6-ossl
qcom-wwan-firmware
qcoro-qt6
qemu
qemu-audio-alsa
qemu-audio-dbus
qemu-audio-jack
qemu-audio-oss
qemu-audio-pa
qemu-audio-pipewire
qemu-audio-sdl
qemu-audio-spice
qemu-block-blkio
qemu-block-curl
qemu-block-dmg
qemu-block-gluster
qemu-block-iscsi
qemu-block-nfs
qemu-block-rbd
qemu-block-ssh
qemu-char-baum
qemu-char-spice
qemu-common
qemu-device-display-qxl
qemu-device-display-vhost-user-gpu
qemu-device-display-virtio-gpu
qemu-device-display-virtio-gpu-ccw
qemu-device-display-virtio-gpu-gl
qemu-device-display-virtio-gpu-pci
qemu-device-display-virtio-gpu-pci-gl
qemu-device-display-virtio-gpu-pci-rutabaga
qemu-device-display-virtio-gpu-rutabaga
qemu-device-display-virtio-vga
qemu-device-display-virtio-vga-gl
qemu-device-display-virtio-vga-rutabaga
qemu-device-uefi-vars
qemu-device-usb-host
qemu-device-usb-redirect
qemu-device-usb-smartcard
qemu-guest-agent
qemu-img
qemu-kvm
qemu-kvm-core
qemu-pr-helper
qemu-system-aarch64
qemu-system-aarch64-core
qemu-system-alpha
qemu-system-alpha-core
qemu-system-arm
qemu-system-arm-core
qemu-system-avr
qemu-system-avr-core
qemu-system-loongarch64
qemu-system-loongarch64-core
qemu-system-m68k
qemu-system-m68k-core
qemu-system-microblaze
qemu-system-microblaze-core
qemu-system-mips
qemu-system-mips-core
qemu-system-or1k
qemu-system-or1k-core
qemu-system-ppc
qemu-system-ppc-core
qemu-system-riscv
qemu-system-riscv-core
qemu-system-rx
qemu-system-rx-core
qemu-system-s390x
qemu-system-s390x-core
qemu-system-sh4
qemu-system-sh4-core
qemu-system-sparc
qemu-system-sparc-core
qemu-system-tricore
qemu-system-tricore-core
qemu-system-x86
qemu-system-x86-core
qemu-system-xtensa
qemu-system-xtensa-core
qemu-tools
qemu-ui-curses
qemu-ui-egl-headless
qemu-ui-gtk
qemu-ui-opengl
qemu-ui-sdl
qemu-ui-spice-app
qemu-ui-spice-core
qemu-user
qemu-user-binfmt
qemu-user-static
qemu-user-static-aarch64
qemu-user-static-alpha
qemu-user-static-arm
qemu-user-static-hexagon
qemu-user-static-hppa
qemu-user-static-loongarch64
qemu-user-static-m68k
qemu-user-static-microblaze
qemu-user-static-mips
qemu-user-static-or1k
qemu-user-static-ppc
qemu-user-static-riscv
qemu-user-static-s390x
qemu-user-static-sh4
qemu-user-static-sparc
qemu-user-static-x86
qemu-user-static-xtensa
qpdf-libs
qqc2-breeze-style
qrencode-libs
qt-settings
qt5-filesystem
qt5-qtbase
qt5-qtbase-common
qt5-qtbase-gui
qt5-qtdeclarative
qt5-qtgraphicaleffects
qt5-qtimageformats
qt5-qtquickcontrols
qt5-qtquickcontrols2
qt5-qtspeech
qt5-qtspeech-speechd
qt5-qtsvg
qt5-qttranslations
qt5-qtwayland
qt5-qtx11extras
qt6-filesystem
qt6-qt5compat
qt6-qtbase
qt6-qtbase-common
qt6-qtbase-gui
qt6-qtbase-mysql
qt6-qtconnectivity
qt6-qtdeclarative
qt6-qtimageformats
qt6-qtlocation
qt6-qtmultimedia
qt6-qtpdf
qt6-qtpositioning
qt6-qtquick3d
qt6-qtquicktimeline
qt6-qtserialport
qt6-qtshadertools
qt6-qtspeech
qt6-qtspeech-flite
qt6-qtspeech-speechd
qt6-qtsvg
qt6-qttools
qt6-qttools-common
qt6-qttranslations
qt6-qtvirtualkeyboard
qt6-qtwayland
qt6-qtwebchannel
qt6-qtwebengine
qt6-qtwebsockets
qt6-qtwebview
qtkeychain-qt6
quota
quota-nls
raft
rav1e-libs
rclone
rdma-core-common
re2
readline
realmd
realtek-firmware
redhat-menus
restic
rit-meera-new-fonts
rit-rachana-fonts
rootfiles
rpcbind
rpm
rpm-build-libs
rpm-libs
rpm-ostree
rpm-ostree-libs
rpm-plugin-audit
rpm-plugin-selinux
rpm-sequoia
rpm-sign-libs
rsync
rtkit
rubberband-libs
rutabaga-gfx-ffi
samba
samba-client
samba-client-libs
samba-common
samba-common-tools
samba-core-libs
samba-dcerpc
samba-ldb-ldap-modules
samba-libs
samba-ndr-libs
samba-usershares
samba-winbind
samba-winbind-clients
samba-winbind-modules
sane-airscan
sane-backends
sane-backends-drivers-cameras
sane-backends-drivers-scanners
sane-backends-libs
scrub
sdbus-cpp
sdl2-compat
seabios-bin
seavgabios-bin
sed
selinux-policy
selinux-policy-targeted
serd
setools-console
setroubleshoot-plugins
setroubleshoot-server
setup
setxkbmap
sgml-common
shadow-utils
shadow-utils-subid
shared-mime-info
shim-ia32
shim-x64
signon
signon-kwallet-extension
signon-plugin-oauth2
signon-qt6
signon-ui
sil-padauk-fonts
simdutf
skopeo
slang
slirp4netns
smartmontools
smartmontools-selinux
snappy
socat
solaar-udev
sord
sos
sound-theme-freedesktop
soundtouch
source-highlight
soxr
spandsp
spectacle
speech-dispatcher
speech-dispatcher-espeak-ng
speech-dispatcher-libs
speech-dispatcher-utils
speex
spice-glib
spice-gtk3
spice-server
spice-vdagent
spice-webdavd
spirv-tools-libs
splix
sqlite-libs
squashfs-tools
sratom
srt-libs
sso-mib-libs
sssd-client
sssd-common
sssd-kcm
sssd-krb5-common
sssd-nfs-idmap
startup-notification
stix-fonts
stoken-libs
sudo
sudo-python-plugin
supergfxctl
supermin
svt-av1-libs
svt-vp9-libs
switcheroo-control
swtpm
swtpm-libs
swtpm-selinux
swtpm-tools
symlinks
syslinux
syslinux-extlinux
syslinux-extlinux-nonlinux
syslinux-nonlinux
sysprof
sysprof-cli
sysstat
system-config-printer-libs
system-config-printer-udev
systemd
systemd-container
systemd-libs
systemd-networkd
systemd-oomd-defaults
systemd-pam
systemd-resolved
systemd-shared
systemd-sysusers
systemd-udev
systemtap-client
systemtap-devel
systemtap-runtime
taglib
tailscale
tar
tbb
tcl
tcl8
tcpdump
teamd
tesseract-common
tesseract-devel
tesseract-langpack-chi_sim
tesseract-langpack-chi_sim_vert
tesseract-langpack-chi_tra
tesseract-langpack-chi_tra_vert
tesseract-langpack-deu
tesseract-langpack-eng
tesseract-langpack-fin
tesseract-langpack-fra
tesseract-langpack-hin
tesseract-langpack-ita
tesseract-langpack-jpn
tesseract-langpack-jpn_vert
tesseract-langpack-nld
tesseract-langpack-pol
tesseract-langpack-por
tesseract-langpack-spa
tesseract-libs
tesseract-tessdata-doc
thermald
thrift
time
tiwilink-firmware
tmux
toolbox
tpm2-tools
tpm2-tss
tpm2-tss-fapi
trace-cmd
traceroute
tree
tslib
tuned
tuned-ppd
twolame-libs
tzdata
uavs3d-libs
ublue-os-libvirt-workarounds
ublue-os-nvidia-addons
udev-hid-bpf
udev-hid-bpf-stable
udftools
udica
udisks2
udisks2-btrfs
udisks2-iscsi
udisks2-lvm2
uld
unar
unbound-anchor
unbound-libs
unicode-ucd
unity-gtk-module-common
unity-gtk3-module
unzip
upower
upower-libs
uresourced
uriparser
urw-base35-bookman-fonts
urw-base35-c059-fonts
urw-base35-d050000l-fonts
urw-base35-fonts
urw-base35-fonts-common
urw-base35-gothic-fonts
urw-base35-nimbus-mono-ps-fonts
urw-base35-nimbus-roman-fonts
urw-base35-nimbus-sans-fonts
urw-base35-p052-fonts
urw-base35-standard-symbols-ps-fonts
urw-base35-z003-fonts
usb_modeswitch
usb_modeswitch-data
usbmuxd
usbredir
usbutils
usermode
userspace-rcu
util-linux
util-linux-core
uupd
uvg266-libs
v4l2loopback
vazirmatn-vf-fonts
vid.stab
vim-common
vim-data
vim-enhanced
vim-filesystem
vim-minimal
virglrenderer
virt-install
virt-manager
virt-manager-common
virt-v2v
virt-viewer
virt-what
virtiofsd
virtualbox-guest-additions
vlc-libs
vlc-plugin-ffmpeg
vlc-plugin-gstreamer
vlc-plugin-pipewire
vlc-plugin-pulseaudio
vlc-plugins-base
vlc-plugins-video-out
vo-amrwbenc
volume_key-libs
vpnc
vpnc-script
vte-profile
vte291
vulkan-loader
vulkan-tools
vvdec-libs
vvenc-libs
wavpack
wayland-utils
webrtc-audio-processing
wget2
wget2-libs
wget2-wget
which
whois
whois-nls
wireguard-tools
wireless-regdb
wireplumber
wireplumber-libs
wl-clipboard
words
wpa_supplicant
wsdd
x264-libs
x265-libs
xapian-core-libs
xavs2-libs
xcb-imdkit
xcb-util
xcb-util-cursor
xcb-util-image
xcb-util-keysyms
xcb-util-renderutil
xcb-util-wm
xdelta
xdg-dbus-proxy
xdg-desktop-portal
xdg-desktop-portal-gtk
xdg-desktop-portal-kde
xdg-user-dirs
xdg-utils
xdpyinfo
xdriinfo
xen-libs
xen-licenses
xevd-libs
xeve-libs
xfsprogs
xhost
xkbcomp
xkeyboard-config
xmessage
xml-common
xmlrpc-c
xmlrpc-c-client
xmlsec1
xmlsec1-openssl
xmodmap
xone-kmod-common
xorg-x11-drv-libinput
xorg-x11-nvidia
xorg-x11-server-Xorg
xorg-x11-server-Xwayland
xorg-x11-server-common
xorg-x11-xauth
xorg-x11-xinit
xorriso
xprop
xrandr
xrdb
xset
xsettingsd
xvidcore
xwaylandvideobridge
xxd
xxhash-libs
xz
xz-devel
xz-libs
yajl
ydotool
ykclient
ykpers
yubikey-manager
yyjson
zchunk-libs
zerofree
zeromq
zfs
zimg
zip
zix
zlib-ng
zlib-ng-compat
zlib-ng-compat-devel
zram-generator
zram-generator-defaults
zsh
zstd
zvbi
zxing-cpp
